
Microsoft Visual Studio Solution File, Format Version 12.00
# Visual Studio Version 17
VisualStudioVersion = 17.11.35312.102
MinimumVisualStudioVersion = 10.0.40219.1
Project("{FAE04EC0-301F-11D3-BF4B-00C04F79EFBC}") = "Programm", "Programm.csproj", "{D66CF97A-37B2-4857-8609-D8F4D8FEB515}"
EndProject
Project("{00D1A9C2-B5F0-4AF3-8072-F6C62B433612}") = "Database", "..\Database\Database.sqlproj", "{E02407E2-3AE7-422B-AD22-E7FBE3E2066B}"
EndProject
Global
	GlobalSection(SolutionConfigurationPlatforms) = preSolution
		Debug|Any CPU = Debug|Any CPU
		Release|Any CPU = Release|Any CPU
	EndGlobalSection
	GlobalSection(ProjectConfigurationPlatforms) = postSolution
		{D66CF97A-37B2-4857-8609-D8F4D8FEB515}.Debug|Any CPU.ActiveCfg = Debug|Any CPU
		{D66CF97A-37B2-4857-8609-D8F4D8FEB515}.Debug|Any CPU.Build.0 = Debug|Any CPU
		{D66CF97A-37B2-4857-8609-D8F4D8FEB515}.Release|Any CPU.ActiveCfg = Release|Any CPU
		{D66CF97A-37B2-4857-8609-D8F4D8FEB515}.Release|Any CPU.Build.0 = Release|Any CPU
		{E02407E2-3AE7-422B-AD22-E7FBE3E2066B}.Debug|Any CPU.ActiveCfg = Debug|Any CPU
		{E02407E2-3AE7-422B-AD22-E7FBE3E2066B}.Debug|Any CPU.Build.0 = Debug|Any CPU
		{E02407E2-3AE7-422B-AD22-E7FBE3E2066B}.Debug|Any CPU.Deploy.0 = Debug|Any CPU
		{E02407E2-3AE7-422B-AD22-E7FBE3E2066B}.Release|Any CPU.ActiveCfg = Release|Any CPU
		{E02407E2-3AE7-422B-AD22-E7FBE3E2066B}.Release|Any CPU.Build.0 = Release|Any CPU
		{E02407E2-3AE7-422B-AD22-E7FBE3E2066B}.Release|Any CPU.Deploy.0 = Release|Any CPU
	EndGlobalSection
	GlobalSection(SolutionProperties) = preSolution
		HideSolutionNode = FALSE
	EndGlobalSection
	GlobalSection(ExtensibilityGlobals) = postSolution
		SolutionGuid = {EDF669C6-77ED-404F-88DF-3370E4644EBE}
	EndGlobalSection
EndGlobal
