
Microsoft Visual Studio Solution File, Format Version 12.00
# Visual Studio Version 17
VisualStudioVersion = 17.11.35312.102
MinimumVisualStudioVersion = 10.0.40219.1
Project("{FAE04EC0-301F-11D3-BF4B-00C04F79EFBC}") = "lab06", "lab06.csproj", "{84AF6526-2170-4CCB-8BB6-C432A47F3EB5}"
EndProject
Global
	GlobalSection(SolutionConfigurationPlatforms) = preSolution
		Debug|Any CPU = Debug|Any CPU
		Release|Any CPU = Release|Any CPU
	EndGlobalSection
	GlobalSection(ProjectConfigurationPlatforms) = postSolution
		{84AF6526-2170-4CCB-8BB6-C432A47F3EB5}.Debug|Any CPU.ActiveCfg = Debug|Any CPU
		{84AF6526-2170-4CCB-8BB6-C432A47F3EB5}.Debug|Any CPU.Build.0 = Debug|Any CPU
		{84AF6526-2170-4CCB-8BB6-C432A47F3EB5}.Release|Any CPU.ActiveCfg = Release|Any CPU
		{84AF6526-2170-4CCB-8BB6-C432A47F3EB5}.Release|Any CPU.Build.0 = Release|Any CPU
	EndGlobalSection
	GlobalSection(SolutionProperties) = preSolution
		HideSolutionNode = FALSE
	EndGlobalSection
	GlobalSection(ExtensibilityGlobals) = postSolution
		SolutionGuid = {8884BEDD-6ECE-4B25-B1CB-775261D7BE46}
	EndGlobalSection
EndGlobal
